// !$*UTF8*$!
{
	archiveVersion = 1;
	classes = {
	};
	objectVersion = 77;
	objects = {

/* Begin PBXBuildFile section */
		85E31A562F6A1955007AABE7 /* CoreMIDI.framework in Frameworks */ = {isa = PBXBuildFile; fileRef = 85E31A552F6A1955007AABE7 /* CoreMIDI.framework */; };
/* End PBXBuildFile section */

/* Begin PBXContainerItemProxy section */
		85E31A162F6A17DE007AABE7 /* PBXContainerItemProxy */ = {
			isa = PBXContainerItemProxy;
			containerPortal = 85E31A002F6A17DC007AABE7 /* Project object */;
			proxyType = 1;
			remoteGlobalIDString = 85E31A072F6A17DC007AABE7;
			remoteInfo = VintageSequencer;
		};
		85E31A202F6A17DE007AABE7 /* PBXContainerItemProxy */ = {
			isa = PBXContainerItemProxy;
			containerPortal = 85E31A002F6A17DC007AABE7 /* Project object */;
			proxyType = 1;
			remoteGlobalIDString = 85E31A072F6A17DC007AABE7;
			remoteInfo = VintageSequencer;
		};
/* End PBXContainerItemProxy section */

/* Begin PBXFileReference section */
		85E31A082F6A17DC007AABE7 /* VintageSequencer.app */ = {isa = PBXFileReference; explicitFileType = wrapper.application; includeInIndex = 0; path = VintageSequencer.app; sourceTree = BUILT_PRODUCTS_DIR; };
		85E31A152F6A17DE007AABE7 /* VintageSequencerTests.xctest */ = {isa = PBXFileReference; explicitFileType = wrapper.cfbundle; includeInIndex = 0; path = VintageSequencerTests.xctest; sourceTree = BUILT_PRODUCTS_DIR; };
		85E31A1F2F6A17DE007AABE7 /* VintageSequencerUITests.xctest */ = {isa = PBXFileReference; explicitFileType = wrapper.cfbundle; includeInIndex = 0; path = VintageSequencerUITests.xctest; sourceTree = BUILT_PRODUCTS_DIR; };
		85E31A552F6A1955007AABE7 /* CoreMIDI.framework */ = {isa = PBXFileReference; lastKnownFileType = wrapper.framework; name = CoreMIDI.framework; path = System/Library/Frameworks/CoreMIDI.framework; sourceTree = SDKROOT; };
/* End PBXFileReference section */

/* Begin PBXFileSystemSynchronizedRootGroup section */
		85E31A0A2F6A17DC007AABE7 /* VintageSequencer */ = {
			isa = PBXFileSystemSynchronizedRootGroup;
			path = VintageSequencer;
			sourceTree = "<group>";
		};
		85E31A182F6A17DE007AABE7 /* VintageSequencerTests */ = {
			isa = PBXFileSystemSynchronizedRootGroup;
			path = VintageSequencerTests;
			sourceTree = "<group>";
		};
		85E31A222F6A17DE007AABE7 /* VintageSequencerUITests */ = {
			isa = PBXFileSystemSynchronizedRootGroup;
			path = VintageSequencerUITests;
			sourceTree = "<group>";
		};
/* End PBXFileSystemSynchronizedRootGroup section */

/* Begin PBXFrameworksBuildPhase section */
		85E31A052F6A17DC007AABE7 /* Frameworks */ = {
			isa = PBXFrameworksBuildPhase;
			buildActionMask = 2147483647;
			files = (
				85E31A562F6A1955007AABE7 /* CoreMIDI.framework in Frameworks */,
			);
			runOnlyForDeploymentPostprocessing = 0;
		};
		85E31A122F6A17DE007AABE7 /* Frameworks */ = {
			isa = PBXFrameworksBuildPhase;
			buildActionMask = 2147483647;
			files = (
			);
			runOnlyForDeploymentPostprocessing = 0;
		};
		85E31A1C2F6A17DE007AABE7 /* Frameworks */ = {
			isa = PBXFrameworksBuildPhase;
			buildActionMask = 2147483647;
			files = (
			);
			runOnlyForDeploymentPostprocessing = 0;
		};
/* End PBXFrameworksBuildPhase section */

/* Begin PBXGroup section */
		85E319FF2F6A17DC007AABE7 = {
			isa = PBXGroup;
			children = (
				85E31A0A2F6A17DC007AABE7 /* VintageSequencer */,
				85E31A182F6A17DE007AABE7 /* VintageSequencerTests */,
				85E31A222F6A17DE007AABE7 /* VintageSequencerUITests */,
				85E31A542F6A1955007AABE7 /* Frameworks */,
				85E31A092F6A17DC007AABE7 /* Products */,
			);
			sourceTree = "<group>";
		};
		85E31A092F6A17DC007AABE7 /* Products */ = {
			isa = PBXGroup;
			children = (
				85E31A082F6A17DC007AABE7 /* VintageSequencer.app */,
				85E31A152F6A17DE007AABE7 /* VintageSequencerTests.xctest */,
				85E31A1F2F6A17DE007AABE7 /* VintageSequencerUITests.xctest */,
			);
			name = Products;
			sourceTree = "<group>";
		};
		85E31A542F6A1955007AABE7 /* Frameworks */ = {
			isa = PBXGroup;
			children = (
				85E31A552F6A1955007AABE7 /* CoreMIDI.framework */,
			);
			name = Frameworks;
			sourceTree = "<group>";
		};
/* End PBXGroup section */

/* Begin PBXNativeTarget section */
		85E31A072F6A17DC007AABE7 /* VintageSequencer */ = {
			isa = PBXNativeTarget;
			buildConfigurationList = 85E31A292F6A17DE007AABE7 /* Build configuration list for PBXNativeTarget "VintageSequencer" */;
			buildPhases = (
				85E31A042F6A17DC007AABE7 /* Sources */,
				85E31A052F6A17DC007AABE7 /* Frameworks */,
				85E31A062F6A17DC007AABE7 /* Resources */,
			);
			buildRules = (
			);
			dependencies = (
			);
			fileSystemSynchronizedGroups = (
				85E31A0A2F6A17DC007AABE7 /* VintageSequencer */,
			);
			name = VintageSequencer;
			packageProductDependencies = (
			);
			productName = VintageSequencer;
			productReference = 85E31A082F6A17DC007AABE7 /* VintageSequencer.app */;
			productType = "com.apple.product-type.application";
		};
		85E31A142F6A17DE007AABE7 /* VintageSequencerTests */ = {
			isa = PBXNativeTarget;
			buildConfigurationList = 85E31A2C2F6A17DE007AABE7 /* Build configuration list for PBXNativeTarget "VintageSequencerTests" */;
			buildPhases = (
				85E31A112F6A17DE007AABE7 /* Sources */,
				85E31A122F6A17DE007AABE7 /* Frameworks */,
				85E31A132F6A17DE007AABE7 /* Resources */,
			);
			buildRules = (
			);
			dependencies = (
				85E31A172F6A17DE007AABE7 /* PBXTargetDependency */,
			);
			fileSystemSynchronizedGroups = (
				85E31A182F6A17DE007AABE7 /* VintageSequencerTests */,
			);
			name = VintageSequencerTests;
			packageProductDependencies = (
			);
			productName = VintageSequencerTests;
			productReference = 85E31A152F6A17DE007AABE7 /* VintageSequencerTests.xctest */;
			productType = "com.apple.product-type.bundle.unit-test";
		};
		85E31A1E2F6A17DE007AABE7 /* VintageSequencerUITests */ = {
			isa = PBXNativeTarget;
			buildConfigurationList = 85E31A2F2F6A17DE007AABE7 /* Build configuration list for PBXNativeTarget "VintageSequencerUITests" */;
			buildPhases = (
				85E31A1B2F6A17DE007AABE7 /* Sources */,
				85E31A1C2F6A17DE007AABE7 /* Frameworks */,
				85E31A1D2F6A17DE007AABE7 /* Resources */,
			);
			buildRules = (
			);
			dependencies = (
				85E31A212F6A17DE007AABE7 /* PBXTargetDependency */,
			);
			fileSystemSynchronizedGroups = (
				85E31A222F6A17DE007AABE7 /* VintageSequencerUITests */,
			);
			name = VintageSequencerUITests;
			packageProductDependencies = (
			);
			productName = VintageSequencerUITests;
			productReference = 85E31A1F2F6A17DE007AABE7 /* VintageSequencerUITests.xctest */;
			productType = "com.apple.product-type.bundle.ui-testing";
		};
/* End PBXNativeTarget section */

/* Begin PBXProject section */
		85E31A002F6A17DC007AABE7 /* Project object */ = {
			isa = PBXProject;
			attributes = {
				BuildIndependentTargetsInParallel = 1;
				LastSwiftUpdateCheck = 2630;
				LastUpgradeCheck = 2630;
				TargetAttributes = {
					85E31A072F6A17DC007AABE7 = {
						CreatedOnToolsVersion = 26.3;
					};
					85E31A142F6A17DE007AABE7 = {
						CreatedOnToolsVersion = 26.3;
						TestTargetID = 85E31A072F6A17DC007AABE7;
					};
					85E31A1E2F6A17DE007AABE7 = {
						CreatedOnToolsVersion = 26.3;
						TestTargetID = 85E31A072F6A17DC007AABE7;
					};
				};
			};
			buildConfigurationList = 85E31A032F6A17DC007AABE7 /* Build configuration list for PBXProject "VintageSequencer" */;
			developmentRegion = en;
			hasScannedForEncodings = 0;
			knownRegions = (
				en,
				Base,
			);
			mainGroup = 85E319FF2F6A17DC007AABE7;
			minimizedProjectReferenceProxies = 1;
			preferredProjectObjectVersion = 77;
			productRefGroup = 85E31A092F6A17DC007AABE7 /* Products */;
			projectDirPath = "";
			projectRoot = "";
			targets = (
				85E31A072F6A17DC007AABE7 /* VintageSequencer */,
				85E31A142F6A17DE007AABE7 /* VintageSequencerTests */,
				85E31A1E2F6A17DE007AABE7 /* VintageSequencerUITests */,
			);
		};
/* End PBXProject section */

/* Begin PBXResourcesBuildPhase section */
		85E31A062F6A17DC007AABE7 /* Resources */ = {
			isa = PBXResourcesBuildPhase;
			buildActionMask = 2147483647;
			files = (
			);
			runOnlyForDeploymentPostprocessing = 0;
		};
		85E31A132F6A17DE007AABE7 /* Resources */ = {
			isa = PBXResourcesBuildPhase;
			buildActionMask = 2147483647;
			files = (
			);
			runOnlyForDeploymentPostprocessing = 0;
		};
		85E31A1D2F6A17DE007AABE7 /* Resources */ = {
			isa = PBXResourcesBuildPhase;
			buildActionMask = 2147483647;
			files = (
			);
			runOnlyForDeploymentPostprocessing = 0;
		};
/* End PBXResourcesBuildPhase section */

/* Begin PBXSourcesBuildPhase section */
		85E31A042F6A17DC007AABE7 /* Sources */ = {
			isa = PBXSourcesBuildPhase;
			buildActionMask = 2147483647;
			files = (
			);
			runOnlyForDeploymentPostprocessing = 0;
		};
		85E31A112F6A17DE007AABE7 /* Sources */ = {
			isa = PBXSourcesBuildPhase;
			buildActionMask = 2147483647;
			files = (
			);
			runOnlyForDeploymentPostprocessing = 0;
		};
		85E31A1B2F6A17DE007AABE7 /* Sources */ = {
			isa = PBXSourcesBuildPhase;
			buildActionMask = 2147483647;
			files = (
			);
			runOnlyForDeploymentPostprocessing = 0;
		};
/* End PBXSourcesBuildPhase section */

/* Begin PBXTargetDependency section */
		85E31A172F6A17DE007AABE7 /* PBXTargetDependency */ = {
			isa = PBXTargetDependency;
			target = 85E31A072F6A17DC007AABE7 /* VintageSequencer */;
			targetProxy = 85E31A162F6A17DE007AABE7 /* PBXContainerItemProxy */;
		};
		85E31A212F6A17DE007AABE7 /* PBXTargetDependency */ = {
			isa = PBXTargetDependency;
			target = 85E31A072F6A17DC007AABE7 /* VintageSequencer */;
			targetProxy = 85E31A202F6A17DE007AABE7 /* PBXContainerItemProxy */;
		};
/* End PBXTargetDependency section */

/* Begin XCBuildConfiguration section */
		85E31A272F6A17DE007AABE7 /* Debug */ = {
			isa = XCBuildConfiguration;
			buildSettings = {
				ALWAYS_SEARCH_USER_PATHS = NO;
				ASSETCATALOG_COMPILER_GENERATE_SWIFT_ASSET_SYMBOL_EXTENSIONS = YES;
				CLANG_ANALYZER_NONNULL = YES;
				CLANG_ANALYZER_NUMBER_OBJECT_CONVERSION = YES_AGGRESSIVE;
				CLANG_CXX_LANGUAGE_STANDARD = "gnu++20";
				CLANG_ENABLE_MODULES = YES;
				CLANG_ENABLE_OBJC_ARC = YES;
				CLANG_ENABLE_OBJC_WEAK = YES;
				CLANG_WARN_BLOCK_CAPTURE_AUTORELEASING = YES;
				CLANG_WARN_BOOL_CONVERSION = YES;
				CLANG_WARN_COMMA = YES;
				CLANG_WARN_CONSTANT_CONVERSION = YES;
				CLANG_WARN_DEPRECATED_OBJC_IMPLEMENTATIONS = YES;
				CLANG_WARN_DIRECT_OBJC_ISA_USAGE = YES_ERROR;
				CLANG_WARN_DOCUMENTATION_COMMENTS = YES;
				CLANG_WARN_EMPTY_BODY = YES;
				CLANG_WARN_ENUM_CONVERSION = YES;
				CLANG_WARN_INFINITE_RECURSION = YES;
				CLANG_WARN_INT_CONVERSION = YES;
				CLANG_WARN_NON_LITERAL_NULL_CONVERSION = YES;
				CLANG_WARN_OBJC_IMPLICIT_RETAIN_SELF = YES;
				CLANG_WARN_OBJC_LITERAL_CONVERSION = YES;
				CLANG_WARN_OBJC_ROOT_CLASS = YES_ERROR;
				CLANG_WARN_QUOTED_INCLUDE_IN_FRAMEWORK_HEADER = YES;
				CLANG_WARN_RANGE_LOOP_ANALYSIS = YES;
				CLANG_WARN_STRICT_PROTOTYPES = YES;
				CLANG_WARN_SUSPICIOUS_MOVE = YES;
				CLANG_WARN_UNGUARDED_AVAILABILITY = YES_AGGRESSIVE;
				CLANG_WARN_UNREACHABLE_CODE = YES;
				CLANG_WARN__DUPLICATE_METHOD_MATCH = YES;
				COPY_PHASE_STRIP = NO;
				DEBUG_INFORMATION_FORMAT = dwarf;
				DEVELOPMENT_TEAM = 5FGSTNX7S3;
				ENABLE_STRICT_OBJC_MSGSEND = YES;
				ENABLE_TESTABILITY = YES;
				ENABLE_USER_SCRIPT_SANDBOXING = YES;
				GCC_C_LANGUAGE_STANDARD = gnu17;
				GCC_DYNAMIC_NO_PIC = NO;
				GCC_NO_COMMON_BLOCKS = YES;
				GCC_OPTIMIZATION_LEVEL = 0;
				GCC_PREPROCESSOR_DEFINITIONS = (
					"DEBUG=1",
					"$(inherited)",
				);
				GCC_WARN_64_TO_32_BIT_CONVERSION = YES;
				GCC_WARN_ABOUT_RETURN_TYPE = YES_ERROR;
				GCC_WARN_UNDECLARED_SELECTOR = YES;
				GCC_WARN_UNINITIALIZED_AUTOS = YES_AGGRESSIVE;
				GCC_WARN_UNUSED_FUNCTION = YES;
				GCC_WARN_UNUSED_VARIABLE = YES;
				LOCALIZATION_PREFERS_STRING_CATALOGS = YES;
				MACOSX_DEPLOYMENT_TARGET = 26.2;
				MTL_ENABLE_DEBUG_INFO = INCLUDE_SOURCE;
				MTL_FAST_MATH = YES;
				ONLY_ACTIVE_ARCH = YES;
				SDKROOT = macosx;
				SWIFT_ACTIVE_COMPILATION_CONDITIONS = "DEBUG $(inherited)";
				SWIFT_OPTIMIZATION_LEVEL = "-Onone";
			};
			name = Debug;
		};
		85E31A282F6A17DE007AABE7 /* Release */ = {
			isa = XCBuildConfiguration;
			buildSettings = {
				ALWAYS_SEARCH_USER_PATHS = NO;
				ASSETCATALOG_COMPILER_GENERATE_SWIFT_ASSET_SYMBOL_EXTENSIONS = YES;
				CLANG_ANALYZER_NONNULL = YES;
				CLANG_ANALYZER_NUMBER_OBJECT_CONVERSION = YES_AGGRESSIVE;
				CLANG_CXX_LANGUAGE_STANDARD = "gnu++20";
				CLANG_ENABLE_MODULES = YES;
				CLANG_ENABLE_OBJC_ARC = YES;
				CLANG_ENABLE_OBJC_WEAK = YES;
				CLANG_WARN_BLOCK_CAPTURE_AUTORELEASING = YES;
				CLANG_WARN_BOOL_CONVERSION = YES;
				CLANG_WARN_COMMA = YES;
				CLANG_WARN_CONSTANT_CONVERSION = YES;
				CLANG_WARN_DEPRECATED_OBJC_IMPLEMENTATIONS = YES;
				CLANG_WARN_DIRECT_OBJC_ISA_USAGE = YES_ERROR;
				CLANG_WARN_DOCUMENTATION_COMMENTS = YES;
				CLANG_WARN_EMPTY_BODY = YES;
				CLANG_WARN_ENUM_CONVERSION = YES;
				CLANG_WARN_INFINITE_RECURSION = YES;
				CLANG_WARN_INT_CONVERSION = YES;
				CLANG_WARN_NON_LITERAL_NULL_CONVERSION = YES;
				CLANG_WARN_OBJC_IMPLICIT_RETAIN_SELF = YES;
				CLANG_WARN_OBJC_LITERAL_CONVERSION = YES;
				CLANG_WARN_OBJC_ROOT_CLASS = YES_ERROR;
				CLANG_WARN_QUOTED_INCLUDE_IN_FRAMEWORK_HEADER = YES;
				CLANG_WARN_RANGE_LOOP_ANALYSIS = YES;
				CLANG_WARN_STRICT_PROTOTYPES = YES;
				CLANG_WARN_SUSPICIOUS_MOVE = YES;
				CLANG_WARN_UNGUARDED_AVAILABILITY = YES_AGGRESSIVE;
				CLANG_WARN_UNREACHABLE_CODE = YES;
				CLANG_WARN__DUPLICATE_METHOD_MATCH = YES;
				COPY_PHASE_STRIP = NO;
				DEBUG_INFORMATION_FORMAT = "dwarf-with-dsym";
				DEVELOPMENT_TEAM = 5FGSTNX7S3;
				ENABLE_NS_ASSERTIONS = NO;
				ENABLE_STRICT_OBJC_MSGSEND = YES;
				ENABLE_USER_SCRIPT_SANDBOXING = YES;
				GCC_C_LANGUAGE_STANDARD = gnu17;
				GCC_NO_COMMON_BLOCKS = YES;
				GCC_WARN_64_TO_32_BIT_CONVERSION = YES;
				GCC_WARN_ABOUT_RETURN_TYPE = YES_ERROR;
				GCC_WARN_UNDECLARED_SELECTOR = YES;
				GCC_WARN_UNINITIALIZED_AUTOS = YES_AGGRESSIVE;
				GCC_WARN_UNUSED_FUNCTION = YES;
				GCC_WARN_UNUSED_VARIABLE = YES;
				LOCALIZATION_PREFERS_STRING_CATALOGS = YES;
				MACOSX_DEPLOYMENT_TARGET = 26.2;
				MTL_ENABLE_DEBUG_INFO = NO;
				MTL_FAST_MATH = YES;
				SDKROOT = macosx;
				SWIFT_COMPILATION_MODE = wholemodule;
			};
			name = Release;
		};
		85E31A2A2F6A17DE007AABE7 /* Debug */ = {
			isa = XCBuildConfiguration;
			buildSettings = {
				ASSETCATALOG_COMPILER_APPICON_NAME = AppIcon;
				ASSETCATALOG_COMPILER_GLOBAL_ACCENT_COLOR_NAME = AccentColor;
				"CODE_SIGN_IDENTITY[sdk=macosx*]" = "-";
				CODE_SIGN_STYLE = Automatic;
				COMBINE_HIDPI_IMAGES = YES;
				CURRENT_PROJECT_VERSION = 1;
				DEVELOPMENT_TEAM = 5FGSTNX7S3;
				ENABLE_APP_SANDBOX = YES;
				ENABLE_HARDENED_RUNTIME = YES;
				ENABLE_PREVIEWS = YES;
				ENABLE_USER_SELECTED_FILES = readonly;
				GENERATE_INFOPLIST_FILE = YES;
				INFOPLIST_KEY_NSHumanReadableCopyright = "";
				LD_RUNPATH_SEARCH_PATHS = (
					"$(inherited)",
					"@executable_path/../Frameworks",
				);
				MACOSX_DEPLOYMENT_TARGET = 13.5;
				MARKETING_VERSION = 1.0;
				PRODUCT_BUNDLE_IDENTIFIER = "Schmitt-Sicherheit.VintageSequencer";
				PRODUCT_NAME = "$(TARGET_NAME)";
				REGISTER_APP_GROUPS = YES;
				STRING_CATALOG_GENERATE_SYMBOLS = YES;
				SWIFT_APPROACHABLE_CONCURRENCY = YES;
				SWIFT_DEFAULT_ACTOR_ISOLATION = MainActor;
				SWIFT_EMIT_LOC_STRINGS = YES;
				SWIFT_UPCOMING_FEATURE_MEMBER_IMPORT_VISIBILITY = YES;
				SWIFT_VERSION = 5.0;
			};
			name = Debug;
		};
		85E31A2B2F6A17DE007AABE7 /* Release */ = {
			isa = XCBuildConfiguration;
			buildSettings = {
				ASSETCATALOG_COMPILER_APPICON_NAME = AppIcon;
				ASSETCATALOG_COMPILER_GLOBAL_ACCENT_COLOR_NAME = AccentColor;
				"CODE_SIGN_IDENTITY[sdk=macosx*]" = "-";
				CODE_SIGN_STYLE = Automatic;
				COMBINE_HIDPI_IMAGES = YES;
				CURRENT_PROJECT_VERSION = 1;
				DEVELOPMENT_TEAM = 5FGSTNX7S3;
				ENABLE_APP_SANDBOX = YES;
				ENABLE_HARDENED_RUNTIME = YES;
				ENABLE_PREVIEWS = YES;
				ENABLE_USER_SELECTED_FILES = readonly;
				GENERATE_INFOPLIST_FILE = YES;
				INFOPLIST_KEY_NSHumanReadableCopyright = "";
				LD_RUNPATH_SEARCH_PATHS = (
					"$(inherited)",
					"@executable_path/../Frameworks",
				);
				MACOSX_DEPLOYMENT_TARGET = 13.5;
				MARKETING_VERSION = 1.0;
				PRODUCT_BUNDLE_IDENTIFIER = "Schmitt-Sicherheit.VintageSequencer";
				PRODUCT_NAME = "$(TARGET_NAME)";
				REGISTER_APP_GROUPS = YES;
				STRING_CATALOG_GENERATE_SYMBOLS = YES;
				SWIFT_APPROACHABLE_CONCURRENCY = YES;
				SWIFT_DEFAULT_ACTOR_ISOLATION = MainActor;
				SWIFT_EMIT_LOC_STRINGS = YES;
				SWIFT_UPCOMING_FEATURE_MEMBER_IMPORT_VISIBILITY = YES;
				SWIFT_VERSION = 5.0;
			};
			name = Release;
		};
		85E31A2D2F6A17DE007AABE7 /* Debug */ = {
			isa = XCBuildConfiguration;
			buildSettings = {
				BUNDLE_LOADER = "$(TEST_HOST)";
				CODE_SIGN_STYLE = Automatic;
				CURRENT_PROJECT_VERSION = 1;
				DEVELOPMENT_TEAM = 5FGSTNX7S3;
				GENERATE_INFOPLIST_FILE = YES;
				MACOSX_DEPLOYMENT_TARGET = 26.2;
				MARKETING_VERSION = 1.0;
				PRODUCT_BUNDLE_IDENTIFIER = "Schmitt-Sicherheit.VintageSequencerTests";
				PRODUCT_NAME = "$(TARGET_NAME)";
				STRING_CATALOG_GENERATE_SYMBOLS = NO;
				SWIFT_APPROACHABLE_CONCURRENCY = YES;
				SWIFT_EMIT_LOC_STRINGS = NO;
				SWIFT_UPCOMING_FEATURE_MEMBER_IMPORT_VISIBILITY = YES;
				SWIFT_VERSION = 5.0;
				TEST_HOST = "$(BUILT_PRODUCTS_DIR)/VintageSequencer.app/$(BUNDLE_EXECUTABLE_FOLDER_PATH)/VintageSequencer";
			};
			name = Debug;
		};
		85E31A2E2F6A17DE007AABE7 /* Release */ = {
			isa = XCBuildConfiguration;
			buildSettings = {
				BUNDLE_LOADER = "$(TEST_HOST)";
				CODE_SIGN_STYLE = Automatic;
				CURRENT_PROJECT_VERSION = 1;
				DEVELOPMENT_TEAM = 5FGSTNX7S3;
				GENERATE_INFOPLIST_FILE = YES;
				MACOSX_DEPLOYMENT_TARGET = 26.2;
				MARKETING_VERSION = 1.0;
				PRODUCT_BUNDLE_IDENTIFIER = "Schmitt-Sicherheit.VintageSequencerTests";
				PRODUCT_NAME = "$(TARGET_NAME)";
				STRING_CATALOG_GENERATE_SYMBOLS = NO;
				SWIFT_APPROACHABLE_CONCURRENCY = YES;
				SWIFT_EMIT_LOC_STRINGS = NO;
				SWIFT_UPCOMING_FEATURE_MEMBER_IMPORT_VISIBILITY = YES;
				SWIFT_VERSION = 5.0;
				TEST_HOST = "$(BUILT_PRODUCTS_DIR)/VintageSequencer.app/$(BUNDLE_EXECUTABLE_FOLDER_PATH)/VintageSequencer";
			};
			name = Release;
		};
		85E31A302F6A17DE007AABE7 /* Debug */ = {
			isa = XCBuildConfiguration;
			buildSettings = {
				CODE_SIGN_STYLE = Automatic;
				CURRENT_PROJECT_VERSION = 1;
				DEVELOPMENT_TEAM = 5FGSTNX7S3;
				GENERATE_INFOPLIST_FILE = YES;
				MARKETING_VERSION = 1.0;
				PRODUCT_BUNDLE_IDENTIFIER = "Schmitt-Sicherheit.VintageSequencerUITests";
				PRODUCT_NAME = "$(TARGET_NAME)";
				STRING_CATALOG_GENERATE_SYMBOLS = NO;
				SWIFT_APPROACHABLE_CONCURRENCY = YES;
				SWIFT_EMIT_LOC_STRINGS = NO;
				SWIFT_UPCOMING_FEATURE_MEMBER_IMPORT_VISIBILITY = YES;
				SWIFT_VERSION = 5.0;
				TEST_TARGET_NAME = VintageSequencer;
			};
			name = Debug;
		};
		85E31A312F6A17DE007AABE7 /* Release */ = {
			isa = XCBuildConfiguration;
			buildSettings = {
				CODE_SIGN_STYLE = Automatic;
				CURRENT_PROJECT_VERSION = 1;
				DEVELOPMENT_TEAM = 5FGSTNX7S3;
				GENERATE_INFOPLIST_FILE = YES;
				MARKETING_VERSION = 1.0;
				PRODUCT_BUNDLE_IDENTIFIER = "Schmitt-Sicherheit.VintageSequencerUITests";
				PRODUCT_NAME = "$(TARGET_NAME)";
				STRING_CATALOG_GENERATE_SYMBOLS = NO;
				SWIFT_APPROACHABLE_CONCURRENCY = YES;
				SWIFT_EMIT_LOC_STRINGS = NO;
				SWIFT_UPCOMING_FEATURE_MEMBER_IMPORT_VISIBILITY = YES;
				SWIFT_VERSION = 5.0;
				TEST_TARGET_NAME = VintageSequencer;
			};
			name = Release;
		};
/* End XCBuildConfiguration section */

/* Begin XCConfigurationList section */
		85E31A032F6A17DC007AABE7 /* Build configuration list for PBXProject "VintageSequencer" */ = {
			isa = XCConfigurationList;
			buildConfigurations = (
				85E31A272F6A17DE007AABE7 /* Debug */,
				85E31A282F6A17DE007AABE7 /* Release */,
			);
			defaultConfigurationIsVisible = 0;
			defaultConfigurationName = Release;
		};
		85E31A292F6A17DE007AABE7 /* Build configuration list for PBXNativeTarget "VintageSequencer" */ = {
			isa = XCConfigurationList;
			buildConfigurations = (
				85E31A2A2F6A17DE007AABE7 /* Debug */,
				85E31A2B2F6A17DE007AABE7 /* Release */,
			);
			defaultConfigurationIsVisible = 0;
			defaultConfigurationName = Release;
		};
		85E31A2C2F6A17DE007AABE7 /* Build configuration list for PBXNativeTarget "VintageSequencerTests" */ = {
			isa = XCConfigurationList;
			buildConfigurations = (
				85E31A2D2F6A17DE007AABE7 /* Debug */,
				85E31A2E2F6A17DE007AABE7 /* Release */,
			);
			defaultConfigurationIsVisible = 0;
			defaultConfigurationName = Release;
		};
		85E31A2F2F6A17DE007AABE7 /* Build configuration list for PBXNativeTarget "VintageSequencerUITests" */ = {
			isa = XCConfigurationList;
			buildConfigurations = (
				85E31A302F6A17DE007AABE7 /* Debug */,
				85E31A312F6A17DE007AABE7 /* Release */,
			);
			defaultConfigurationIsVisible = 0;
			defaultConfigurationName = Release;
		};
/* End XCConfigurationList section */
	};
	rootObject = 85E31A002F6A17DC007AABE7 /* Project object */;
}
